
Microsoft Visual Studio Solution File, Format Version 12.00
# Visual Studio 2012
Project("{FAE04EC0-301F-11D3-BF4B-00C04F79EFBC}") = "FantasyFootball", "FantasyFootball\FantasyFootball.csproj", "{CFE8F3D2-2C87-4FF4-A2EF-380382A1899E}"
EndProject
Project("{FAE04EC0-301F-11D3-BF4B-00C04F79EFBC}") = "Data", "Data\Data.csproj", "{36E176A4-D42A-4C66-B9B9-E93E9D4054AC}"
EndProject
Global
	GlobalSection(SolutionConfigurationPlatforms) = preSolution
		Debug|Any CPU = Debug|Any CPU
		Release|Any CPU = Release|Any CPU
	EndGlobalSection
	GlobalSection(ProjectConfigurationPlatforms) = postSolution
		{CFE8F3D2-2C87-4FF4-A2EF-380382A1899E}.Debug|Any CPU.ActiveCfg = Debug|Any CPU
		{CFE8F3D2-2C87-4FF4-A2EF-380382A1899E}.Debug|Any CPU.Build.0 = Debug|Any CPU
		{CFE8F3D2-2C87-4FF4-A2EF-380382A1899E}.Release|Any CPU.ActiveCfg = Release|Any CPU
		{CFE8F3D2-2C87-4FF4-A2EF-380382A1899E}.Release|Any CPU.Build.0 = Release|Any CPU
		{36E176A4-D42A-4C66-B9B9-E93E9D4054AC}.Debug|Any CPU.ActiveCfg = Debug|Any CPU
		{36E176A4-D42A-4C66-B9B9-E93E9D4054AC}.Debug|Any CPU.Build.0 = Debug|Any CPU
		{36E176A4-D42A-4C66-B9B9-E93E9D4054AC}.Release|Any CPU.ActiveCfg = Release|Any CPU
		{36E176A4-D42A-4C66-B9B9-E93E9D4054AC}.Release|Any CPU.Build.0 = Release|Any CPU
	EndGlobalSection
	GlobalSection(SolutionProperties) = preSolution
		HideSolutionNode = FALSE
	EndGlobalSection
EndGlobal
